
Microsoft Visual Studio Solution File, Format Version 12.00
# Visual Studio Version 16
VisualStudioVersion = 16.0.30907.101
MinimumVisualStudioVersion = 10.0.40219.1
Project("{FAE04EC0-301F-11D3-BF4B-00C04F79EFBC}") = "Extract_images", "Extract_images\Extract_images.csproj", "{2F0064F8-EFF0-4174-A1A7-6E219AA51967}"
EndProject
Global
	GlobalSection(SolutionConfigurationPlatforms) = preSolution
		Debug|Any CPU = Debug|Any CPU
		Release|Any CPU = Release|Any CPU
	EndGlobalSection
	GlobalSection(ProjectConfigurationPlatforms) = postSolution
		{2F0064F8-EFF0-4174-A1A7-6E219AA51967}.Debug|Any CPU.ActiveCfg = Debug|Any CPU
		{2F0064F8-EFF0-4174-A1A7-6E219AA51967}.Debug|Any CPU.Build.0 = Debug|Any CPU
		{2F0064F8-EFF0-4174-A1A7-6E219AA51967}.Release|Any CPU.ActiveCfg = Release|Any CPU
		{2F0064F8-EFF0-4174-A1A7-6E219AA51967}.Release|Any CPU.Build.0 = Release|Any CPU
	EndGlobalSection
	GlobalSection(SolutionProperties) = preSolution
		HideSolutionNode = FALSE
	EndGlobalSection
	GlobalSection(ExtensibilityGlobals) = postSolution
		SolutionGuid = {690B6438-A2A6-49A8-B9BC-83619EDC4313}
	EndGlobalSection
EndGlobal
