
Microsoft Visual Studio Solution File, Format Version 12.00
# Visual Studio Version 16
VisualStudioVersion = 16.0.30907.101
MinimumVisualStudioVersion = 10.0.40219.1
Project("{FAE04EC0-301F-11D3-BF4B-00C04F79EFBC}") = "Remove_images", "Remove_images\Remove_images.csproj", "{A94B8958-C824-40F7-8A7A-AF81FEC9B230}"
EndProject
Global
	GlobalSection(SolutionConfigurationPlatforms) = preSolution
		Debug|Any CPU = Debug|Any CPU
		Release|Any CPU = Release|Any CPU
	EndGlobalSection
	GlobalSection(ProjectConfigurationPlatforms) = postSolution
		{A94B8958-C824-40F7-8A7A-AF81FEC9B230}.Debug|Any CPU.ActiveCfg = Debug|Any CPU
		{A94B8958-C824-40F7-8A7A-AF81FEC9B230}.Debug|Any CPU.Build.0 = Debug|Any CPU
		{A94B8958-C824-40F7-8A7A-AF81FEC9B230}.Release|Any CPU.ActiveCfg = Release|Any CPU
		{A94B8958-C824-40F7-8A7A-AF81FEC9B230}.Release|Any CPU.Build.0 = Release|Any CPU
	EndGlobalSection
	GlobalSection(SolutionProperties) = preSolution
		HideSolutionNode = FALSE
	EndGlobalSection
	GlobalSection(ExtensibilityGlobals) = postSolution
		SolutionGuid = {F9109E8A-988C-4742-A230-4521BAC51ADB}
	EndGlobalSection
EndGlobal
